
Microsoft Visual Studio Solution File, Format Version 12.00
# Visual Studio Version 17
VisualStudioVersion = 17.7.34031.279
MinimumVisualStudioVersion = 10.0.40219.1
Project("{FAE04EC0-301F-11D3-BF4B-00C04F79EFBC}") = "GQL.Api", "GQL.Api.csproj", "{55F11769-C981-494B-9A06-690C9A21952B}"
EndProject
Global
	GlobalSection(SolutionConfigurationPlatforms) = preSolution
		Debug|Any CPU = Debug|Any CPU
		Release|Any CPU = Release|Any CPU
	EndGlobalSection
	GlobalSection(ProjectConfigurationPlatforms) = postSolution
		{55F11769-C981-494B-9A06-690C9A21952B}.Debug|Any CPU.ActiveCfg = Debug|Any CPU
		{55F11769-C981-494B-9A06-690C9A21952B}.Debug|Any CPU.Build.0 = Debug|Any CPU
		{55F11769-C981-494B-9A06-690C9A21952B}.Release|Any CPU.ActiveCfg = Release|Any CPU
		{55F11769-C981-494B-9A06-690C9A21952B}.Release|Any CPU.Build.0 = Release|Any CPU
	EndGlobalSection
	GlobalSection(SolutionProperties) = preSolution
		HideSolutionNode = FALSE
	EndGlobalSection
	GlobalSection(ExtensibilityGlobals) = postSolution
		SolutionGuid = {8333E603-22DF-4C3C-BBA0-56A6749E8263}
	EndGlobalSection
EndGlobal
